// !$*UTF8*$!
{
	archiveVersion = 1;
	classes = {
	};
	objectVersion = 50;
	objects = {

/* Begin PBXBuildFile section */
		9DCEA645257E44240077A3F1 /* AppDelegate.swift in Sources */ = {isa = PBXBuildFile; fileRef = 9DCEA644257E44240077A3F1 /* AppDelegate.swift */; };
		9DCEA647257E44240077A3F1 /* SceneDelegate.swift in Sources */ = {isa = PBXBuildFile; fileRef = 9DCEA646257E44240077A3F1 /* SceneDelegate.swift */; };
		9DCEA649257E44240077A3F1 /* ViewController.swift in Sources */ = {isa = PBXBuildFile; fileRef = 9DCEA648257E44240077A3F1 /* ViewController.swift */; };
		9DCEA64C257E44240077A3F1 /* Main.storyboard in Resources */ = {isa = PBXBuildFile; fileRef = 9DCEA64A257E44240077A3F1 /* Main.storyboard */; };
		9DCEA64E257E442B0077A3F1 /* Assets.xcassets in Resources */ = {isa = PBXBuildFile; fileRef = 9DCEA64D257E442B0077A3F1 /* Assets.xcassets */; };
		9DCEA651257E442B0077A3F1 /* LaunchScreen.storyboard in Resources */ = {isa = PBXBuildFile; fileRef = 9DCEA64F257E442B0077A3F1 /* LaunchScreen.storyboard */; };
		9DCEA660257E487A0077A3F1 /* NetworkService.swift in Sources */ = {isa = PBXBuildFile; fileRef = 9DCEA65F257E487A0077A3F1 /* NetworkService.swift */; };
		9DCEA664257E4AA40077A3F1 /* ImageInfo.swift in Sources */ = {isa = PBXBuildFile; fileRef = 9DCEA663257E4AA40077A3F1 /* ImageInfo.swift */; };
		9DCEA667257ED9160077A3F1 /* ServerResponce.swift in Sources */ = {isa = PBXBuildFile; fileRef = 9DCEA666257ED9160077A3F1 /* ServerResponce.swift */; };
		9DCEA66A257ED97D0077A3F1 /* ServerError.swift in Sources */ = {isa = PBXBuildFile; fileRef = 9DCEA669257ED97D0077A3F1 /* ServerError.swift */; };
		9DCEA66D257F8C5D0077A3F1 /* ImageCell.swift in Sources */ = {isa = PBXBuildFile; fileRef = 9DCEA66C257F8C5D0077A3F1 /* ImageCell.swift */; };
/* End PBXBuildFile section */

/* Begin PBXFileReference section */
		9DCEA641257E44240077A3F1 /* ImageLoading.app */ = {isa = PBXFileReference; explicitFileType = wrapper.application; includeInIndex = 0; path = ImageLoading.app; sourceTree = BUILT_PRODUCTS_DIR; };
		9DCEA644257E44240077A3F1 /* AppDelegate.swift */ = {isa = PBXFileReference; lastKnownFileType = sourcecode.swift; path = AppDelegate.swift; sourceTree = "<group>"; };
		9DCEA646257E44240077A3F1 /* SceneDelegate.swift */ = {isa = PBXFileReference; lastKnownFileType = sourcecode.swift; path = SceneDelegate.swift; sourceTree = "<group>"; };
		9DCEA648257E44240077A3F1 /* ViewController.swift */ = {isa = PBXFileReference; lastKnownFileType = sourcecode.swift; path = ViewController.swift; sourceTree = "<group>"; };
		9DCEA64B257E44240077A3F1 /* Base */ = {isa = PBXFileReference; lastKnownFileType = file.storyboard; name = Base; path = Base.lproj/Main.storyboard; sourceTree = "<group>"; };
		9DCEA64D257E442B0077A3F1 /* Assets.xcassets */ = {isa = PBXFileReference; lastKnownFileType = folder.assetcatalog; path = Assets.xcassets; sourceTree = "<group>"; };
		9DCEA650257E442B0077A3F1 /* Base */ = {isa = PBXFileReference; lastKnownFileType = file.storyboard; name = Base; path = Base.lproj/LaunchScreen.storyboard; sourceTree = "<group>"; };
		9DCEA652257E442B0077A3F1 /* Info.plist */ = {isa = PBXFileReference; lastKnownFileType = text.plist.xml; path = Info.plist; sourceTree = "<group>"; };
		9DCEA65F257E487A0077A3F1 /* NetworkService.swift */ = {isa = PBXFileReference; lastKnownFileType = sourcecode.swift; path = NetworkService.swift; sourceTree = "<group>"; };
		9DCEA663257E4AA40077A3F1 /* ImageInfo.swift */ = {isa = PBXFileReference; lastKnownFileType = sourcecode.swift; path = ImageInfo.swift; sourceTree = "<group>"; };
		9DCEA666257ED9160077A3F1 /* ServerResponce.swift */ = {isa = PBXFileReference; lastKnownFileType = sourcecode.swift; path = ServerResponce.swift; sourceTree = "<group>"; };
		9DCEA669257ED97D0077A3F1 /* ServerError.swift */ = {isa = PBXFileReference; lastKnownFileType = sourcecode.swift; path = ServerError.swift; sourceTree = "<group>"; };
		9DCEA66C257F8C5D0077A3F1 /* ImageCell.swift */ = {isa = PBXFileReference; lastKnownFileType = sourcecode.swift; path = ImageCell.swift; sourceTree = "<group>"; };
/* End PBXFileReference section */

/* Begin PBXFrameworksBuildPhase section */
		9DCEA63E257E44240077A3F1 /* Frameworks */ = {
			isa = PBXFrameworksBuildPhase;
			buildActionMask = 2147483647;
			files = (
			);
			runOnlyForDeploymentPostprocessing = 0;
		};
/* End PBXFrameworksBuildPhase section */

/* Begin PBXGroup section */
		9DCEA638257E44240077A3F1 = {
			isa = PBXGroup;
			children = (
				9DCEA643257E44240077A3F1 /* ImageLoading */,
				9DCEA642257E44240077A3F1 /* Products */,
			);
			sourceTree = "<group>";
		};
		9DCEA642257E44240077A3F1 /* Products */ = {
			isa = PBXGroup;
			children = (
				9DCEA641257E44240077A3F1 /* ImageLoading.app */,
			);
			name = Products;
			sourceTree = "<group>";
		};
		9DCEA643257E44240077A3F1 /* ImageLoading */ = {
			isa = PBXGroup;
			children = (
				9DCEA659257E47ED0077A3F1 /* AppDelegates */,
				9DCEA65B257E48010077A3F1 /* Storyboards */,
				9DCEA65E257E481F0077A3F1 /* Services */,
				9DCEA65C257E480F0077A3F1 /* Model */,
				9DCEA65D257E48170077A3F1 /* View */,
				9DCEA65A257E47F60077A3F1 /* Controller */,
				9DCEA64D257E442B0077A3F1 /* Assets.xcassets */,
				9DCEA652257E442B0077A3F1 /* Info.plist */,
			);
			path = ImageLoading;
			sourceTree = "<group>";
		};
		9DCEA659257E47ED0077A3F1 /* AppDelegates */ = {
			isa = PBXGroup;
			children = (
				9DCEA644257E44240077A3F1 /* AppDelegate.swift */,
				9DCEA646257E44240077A3F1 /* SceneDelegate.swift */,
			);
			path = AppDelegates;
			sourceTree = "<group>";
		};
		9DCEA65A257E47F60077A3F1 /* Controller */ = {
			isa = PBXGroup;
			children = (
				9DCEA648257E44240077A3F1 /* ViewController.swift */,
			);
			path = Controller;
			sourceTree = "<group>";
		};
		9DCEA65B257E48010077A3F1 /* Storyboards */ = {
			isa = PBXGroup;
			children = (
				9DCEA64A257E44240077A3F1 /* Main.storyboard */,
				9DCEA64F257E442B0077A3F1 /* LaunchScreen.storyboard */,
			);
			path = Storyboards;
			sourceTree = "<group>";
		};
		9DCEA65C257E480F0077A3F1 /* Model */ = {
			isa = PBXGroup;
			children = (
				9DCEA663257E4AA40077A3F1 /* ImageInfo.swift */,
				9DCEA666257ED9160077A3F1 /* ServerResponce.swift */,
				9DCEA669257ED97D0077A3F1 /* ServerError.swift */,
			);
			path = Model;
			sourceTree = "<group>";
		};
		9DCEA65D257E48170077A3F1 /* View */ = {
			isa = PBXGroup;
			children = (
				9DCEA66C257F8C5D0077A3F1 /* ImageCell.swift */,
			);
			path = View;
			sourceTree = "<group>";
		};
		9DCEA65E257E481F0077A3F1 /* Services */ = {
			isa = PBXGroup;
			children = (
				9DCEA65F257E487A0077A3F1 /* NetworkService.swift */,
			);
			path = Services;
			sourceTree = "<group>";
		};
/* End PBXGroup section */

/* Begin PBXNativeTarget section */
		9DCEA640257E44240077A3F1 /* ImageLoading */ = {
			isa = PBXNativeTarget;
			buildConfigurationList = 9DCEA655257E442B0077A3F1 /* Build configuration list for PBXNativeTarget "ImageLoading" */;
			buildPhases = (
				9DCEA63D257E44240077A3F1 /* Sources */,
				9DCEA63E257E44240077A3F1 /* Frameworks */,
				9DCEA63F257E44240077A3F1 /* Resources */,
			);
			buildRules = (
			);
			dependencies = (
			);
			name = ImageLoading;
			productName = ImageLoading;
			productReference = 9DCEA641257E44240077A3F1 /* ImageLoading.app */;
			productType = "com.apple.product-type.application";
		};
/* End PBXNativeTarget section */

/* Begin PBXProject section */
		9DCEA639257E44240077A3F1 /* Project object */ = {
			isa = PBXProject;
			attributes = {
				LastSwiftUpdateCheck = 1220;
				LastUpgradeCheck = 1220;
				TargetAttributes = {
					9DCEA640257E44240077A3F1 = {
						CreatedOnToolsVersion = 12.2;
					};
				};
			};
			buildConfigurationList = 9DCEA63C257E44240077A3F1 /* Build configuration list for PBXProject "ImageLoading" */;
			compatibilityVersion = "Xcode 9.3";
			developmentRegion = en;
			hasScannedForEncodings = 0;
			knownRegions = (
				en,
				Base,
			);
			mainGroup = 9DCEA638257E44240077A3F1;
			productRefGroup = 9DCEA642257E44240077A3F1 /* Products */;
			projectDirPath = "";
			projectRoot = "";
			targets = (
				9DCEA640257E44240077A3F1 /* ImageLoading */,
			);
		};
/* End PBXProject section */

/* Begin PBXResourcesBuildPhase section */
		9DCEA63F257E44240077A3F1 /* Resources */ = {
			isa = PBXResourcesBuildPhase;
			buildActionMask = 2147483647;
			files = (
				9DCEA651257E442B0077A3F1 /* LaunchScreen.storyboard in Resources */,
				9DCEA64E257E442B0077A3F1 /* Assets.xcassets in Resources */,
				9DCEA64C257E44240077A3F1 /* Main.storyboard in Resources */,
			);
			runOnlyForDeploymentPostprocessing = 0;
		};
/* End PBXResourcesBuildPhase section */

/* Begin PBXSourcesBuildPhase section */
		9DCEA63D257E44240077A3F1 /* Sources */ = {
			isa = PBXSourcesBuildPhase;
			buildActionMask = 2147483647;
			files = (
				9DCEA649257E44240077A3F1 /* ViewController.swift in Sources */,
				9DCEA664257E4AA40077A3F1 /* ImageInfo.swift in Sources */,
				9DCEA645257E44240077A3F1 /* AppDelegate.swift in Sources */,
				9DCEA660257E487A0077A3F1 /* NetworkService.swift in Sources */,
				9DCEA647257E44240077A3F1 /* SceneDelegate.swift in Sources */,
				9DCEA66D257F8C5D0077A3F1 /* ImageCell.swift in Sources */,
				9DCEA667257ED9160077A3F1 /* ServerResponce.swift in Sources */,
				9DCEA66A257ED97D0077A3F1 /* ServerError.swift in Sources */,
			);
			runOnlyForDeploymentPostprocessing = 0;
		};
/* End PBXSourcesBuildPhase section */

/* Begin PBXVariantGroup section */
		9DCEA64A257E44240077A3F1 /* Main.storyboard */ = {
			isa = PBXVariantGroup;
			children = (
				9DCEA64B257E44240077A3F1 /* Base */,
			);
			name = Main.storyboard;
			sourceTree = "<group>";
		};
		9DCEA64F257E442B0077A3F1 /* LaunchScreen.storyboard */ = {
			isa = PBXVariantGroup;
			children = (
				9DCEA650257E442B0077A3F1 /* Base */,
			);
			name = LaunchScreen.storyboard;
			sourceTree = "<group>";
		};
/* End PBXVariantGroup section */

/* Begin XCBuildConfiguration section */
		9DCEA653257E442B0077A3F1 /* Debug */ = {
			isa = XCBuildConfiguration;
			buildSettings = {
				ALWAYS_SEARCH_USER_PATHS = NO;
				CLANG_ANALYZER_NONNULL = YES;
				CLANG_ANALYZER_NUMBER_OBJECT_CONVERSION = YES_AGGRESSIVE;
				CLANG_CXX_LANGUAGE_STANDARD = "gnu++14";
				CLANG_CXX_LIBRARY = "libc++";
				CLANG_ENABLE_MODULES = YES;
				CLANG_ENABLE_OBJC_ARC = YES;
				CLANG_ENABLE_OBJC_WEAK = YES;
				CLANG_WARN_BLOCK_CAPTURE_AUTORELEASING = YES;
				CLANG_WARN_BOOL_CONVERSION = YES;
				CLANG_WARN_COMMA = YES;
				CLANG_WARN_CONSTANT_CONVERSION = YES;
				CLANG_WARN_DEPRECATED_OBJC_IMPLEMENTATIONS = YES;
				CLANG_WARN_DIRECT_OBJC_ISA_USAGE = YES_ERROR;
				CLANG_WARN_DOCUMENTATION_COMMENTS = YES;
				CLANG_WARN_EMPTY_BODY = YES;
				CLANG_WARN_ENUM_CONVERSION = YES;
				CLANG_WARN_INFINITE_RECURSION = YES;
				CLANG_WARN_INT_CONVERSION = YES;
				CLANG_WARN_NON_LITERAL_NULL_CONVERSION = YES;
				CLANG_WARN_OBJC_IMPLICIT_RETAIN_SELF = YES;
				CLANG_WARN_OBJC_LITERAL_CONVERSION = YES;
				CLANG_WARN_OBJC_ROOT_CLASS = YES_ERROR;
				CLANG_WARN_QUOTED_INCLUDE_IN_FRAMEWORK_HEADER = YES;
				CLANG_WARN_RANGE_LOOP_ANALYSIS = YES;
				CLANG_WARN_STRICT_PROTOTYPES = YES;
				CLANG_WARN_SUSPICIOUS_MOVE = YES;
				CLANG_WARN_UNGUARDED_AVAILABILITY = YES_AGGRESSIVE;
				CLANG_WARN_UNREACHABLE_CODE = YES;
				CLANG_WARN__DUPLICATE_METHOD_MATCH = YES;
				COPY_PHASE_STRIP = NO;
				DEBUG_INFORMATION_FORMAT = dwarf;
				ENABLE_STRICT_OBJC_MSGSEND = YES;
				ENABLE_TESTABILITY = YES;
				GCC_C_LANGUAGE_STANDARD = gnu11;
				GCC_DYNAMIC_NO_PIC = NO;
				GCC_NO_COMMON_BLOCKS = YES;
				GCC_OPTIMIZATION_LEVEL = 0;
				GCC_PREPROCESSOR_DEFINITIONS = (
					"DEBUG=1",
					"$(inherited)",
				);
				GCC_WARN_64_TO_32_BIT_CONVERSION = YES;
				GCC_WARN_ABOUT_RETURN_TYPE = YES_ERROR;
				GCC_WARN_UNDECLARED_SELECTOR = YES;
				GCC_WARN_UNINITIALIZED_AUTOS = YES_AGGRESSIVE;
				GCC_WARN_UNUSED_FUNCTION = YES;
				GCC_WARN_UNUSED_VARIABLE = YES;
				IPHONEOS_DEPLOYMENT_TARGET = 14.2;
				MTL_ENABLE_DEBUG_INFO = INCLUDE_SOURCE;
				MTL_FAST_MATH = YES;
				ONLY_ACTIVE_ARCH = YES;
				SDKROOT = iphoneos;
				SWIFT_ACTIVE_COMPILATION_CONDITIONS = DEBUG;
				SWIFT_OPTIMIZATION_LEVEL = "-Onone";
			};
			name = Debug;
		};
		9DCEA654257E442B0077A3F1 /* Release */ = {
			isa = XCBuildConfiguration;
			buildSettings = {
				ALWAYS_SEARCH_USER_PATHS = NO;
				CLANG_ANALYZER_NONNULL = YES;
				CLANG_ANALYZER_NUMBER_OBJECT_CONVERSION = YES_AGGRESSIVE;
				CLANG_CXX_LANGUAGE_STANDARD = "gnu++14";
				CLANG_CXX_LIBRARY = "libc++";
				CLANG_ENABLE_MODULES = YES;
				CLANG_ENABLE_OBJC_ARC = YES;
				CLANG_ENABLE_OBJC_WEAK = YES;
				CLANG_WARN_BLOCK_CAPTURE_AUTORELEASING = YES;
				CLANG_WARN_BOOL_CONVERSION = YES;
				CLANG_WARN_COMMA = YES;
				CLANG_WARN_CONSTANT_CONVERSION = YES;
				CLANG_WARN_DEPRECATED_OBJC_IMPLEMENTATIONS = YES;
				CLANG_WARN_DIRECT_OBJC_ISA_USAGE = YES_ERROR;
				CLANG_WARN_DOCUMENTATION_COMMENTS = YES;
				CLANG_WARN_EMPTY_BODY = YES;
				CLANG_WARN_ENUM_CONVERSION = YES;
				CLANG_WARN_INFINITE_RECURSION = YES;
				CLANG_WARN_INT_CONVERSION = YES;
				CLANG_WARN_NON_LITERAL_NULL_CONVERSION = YES;
				CLANG_WARN_OBJC_IMPLICIT_RETAIN_SELF = YES;
				CLANG_WARN_OBJC_LITERAL_CONVERSION = YES;
				CLANG_WARN_OBJC_ROOT_CLASS = YES_ERROR;
				CLANG_WARN_QUOTED_INCLUDE_IN_FRAMEWORK_HEADER = YES;
				CLANG_WARN_RANGE_LOOP_ANALYSIS = YES;
				CLANG_WARN_STRICT_PROTOTYPES = YES;
				CLANG_WARN_SUSPICIOUS_MOVE = YES;
				CLANG_WARN_UNGUARDED_AVAILABILITY = YES_AGGRESSIVE;
				CLANG_WARN_UNREACHABLE_CODE = YES;
				CLANG_WARN__DUPLICATE_METHOD_MATCH = YES;
				COPY_PHASE_STRIP = NO;
				DEBUG_INFORMATION_FORMAT = "dwarf-with-dsym";
				ENABLE_NS_ASSERTIONS = NO;
				ENABLE_STRICT_OBJC_MSGSEND = YES;
				GCC_C_LANGUAGE_STANDARD = gnu11;
				GCC_NO_COMMON_BLOCKS = YES;
				GCC_WARN_64_TO_32_BIT_CONVERSION = YES;
				GCC_WARN_ABOUT_RETURN_TYPE = YES_ERROR;
				GCC_WARN_UNDECLARED_SELECTOR = YES;
				GCC_WARN_UNINITIALIZED_AUTOS = YES_AGGRESSIVE;
				GCC_WARN_UNUSED_FUNCTION = YES;
				GCC_WARN_UNUSED_VARIABLE = YES;
				IPHONEOS_DEPLOYMENT_TARGET = 14.2;
				MTL_ENABLE_DEBUG_INFO = NO;
				MTL_FAST_MATH = YES;
				SDKROOT = iphoneos;
				SWIFT_COMPILATION_MODE = wholemodule;
				SWIFT_OPTIMIZATION_LEVEL = "-O";
				VALIDATE_PRODUCT = YES;
			};
			name = Release;
		};
		9DCEA656257E442B0077A3F1 /* Debug */ = {
			isa = XCBuildConfiguration;
			buildSettings = {
				ASSETCATALOG_COMPILER_APPICON_NAME = AppIcon;
				ASSETCATALOG_COMPILER_GLOBAL_ACCENT_COLOR_NAME = AccentColor;
				CODE_SIGN_STYLE = Automatic;
				DEVELOPMENT_TEAM = 8K5QSY5467;
				INFOPLIST_FILE = ImageLoading/Info.plist;
				LD_RUNPATH_SEARCH_PATHS = (
					"$(inherited)",
					"@executable_path/Frameworks",
				);
				PRODUCT_BUNDLE_IDENTIFIER = com.YoraDevelopment.ImageLoading;
				PRODUCT_NAME = "$(TARGET_NAME)";
				SWIFT_VERSION = 5.0;
				TARGETED_DEVICE_FAMILY = "1,2";
			};
			name = Debug;
		};
		9DCEA657257E442B0077A3F1 /* Release */ = {
			isa = XCBuildConfiguration;
			buildSettings = {
				ASSETCATALOG_COMPILER_APPICON_NAME = AppIcon;
				ASSETCATALOG_COMPILER_GLOBAL_ACCENT_COLOR_NAME = AccentColor;
				CODE_SIGN_STYLE = Automatic;
				DEVELOPMENT_TEAM = 8K5QSY5467;
				INFOPLIST_FILE = ImageLoading/Info.plist;
				LD_RUNPATH_SEARCH_PATHS = (
					"$(inherited)",
					"@executable_path/Frameworks",
				);
				PRODUCT_BUNDLE_IDENTIFIER = com.YoraDevelopment.ImageLoading;
				PRODUCT_NAME = "$(TARGET_NAME)";
				SWIFT_VERSION = 5.0;
				TARGETED_DEVICE_FAMILY = "1,2";
			};
			name = Release;
		};
/* End XCBuildConfiguration section */

/* Begin XCConfigurationList section */
		9DCEA63C257E44240077A3F1 /* Build configuration list for PBXProject "ImageLoading" */ = {
			isa = XCConfigurationList;
			buildConfigurations = (
				9DCEA653257E442B0077A3F1 /* Debug */,
				9DCEA654257E442B0077A3F1 /* Release */,
			);
			defaultConfigurationIsVisible = 0;
			defaultConfigurationName = Release;
		};
		9DCEA655257E442B0077A3F1 /* Build configuration list for PBXNativeTarget "ImageLoading" */ = {
			isa = XCConfigurationList;
			buildConfigurations = (
				9DCEA656257E442B0077A3F1 /* Debug */,
				9DCEA657257E442B0077A3F1 /* Release */,
			);
			defaultConfigurationIsVisible = 0;
			defaultConfigurationName = Release;
		};
/* End XCConfigurationList section */
	};
	rootObject = 9DCEA639257E44240077A3F1 /* Project object */;
}
